
Microsoft Visual Studio Solution File, Format Version 12.00
# Visual Studio Version 16
VisualStudioVersion = 16.0.34601.136
MinimumVisualStudioVersion = 10.0.40219.1
Project("{FAE04EC0-301F-11D3-BF4B-00C04F79EFBC}") = "ProjektNr2_Odolinski70353", "ProjektNr2_Odolinski70353.csproj", "{C4EB4917-21F6-41BB-A9E0-A64E4562CF0B}"
EndProject
Global
	GlobalSection(SolutionConfigurationPlatforms) = preSolution
		Debug|Any CPU = Debug|Any CPU
		Release|Any CPU = Release|Any CPU
	EndGlobalSection
	GlobalSection(ProjectConfigurationPlatforms) = postSolution
		{C4EB4917-21F6-41BB-A9E0-A64E4562CF0B}.Debug|Any CPU.ActiveCfg = Debug|Any CPU
		{C4EB4917-21F6-41BB-A9E0-A64E4562CF0B}.Debug|Any CPU.Build.0 = Debug|Any CPU
		{C4EB4917-21F6-41BB-A9E0-A64E4562CF0B}.Release|Any CPU.ActiveCfg = Release|Any CPU
		{C4EB4917-21F6-41BB-A9E0-A64E4562CF0B}.Release|Any CPU.Build.0 = Release|Any CPU
	EndGlobalSection
	GlobalSection(SolutionProperties) = preSolution
		HideSolutionNode = FALSE
	EndGlobalSection
	GlobalSection(ExtensibilityGlobals) = postSolution
		SolutionGuid = {5EB0AACB-1E87-4718-A85E-28C2315C618F}
	EndGlobalSection
EndGlobal
